
Microsoft Visual Studio Solution File, Format Version 12.00
# Visual Studio Version 17
VisualStudioVersion = 17.0.31903.59
MinimumVisualStudioVersion = 10.0.40219.1
Project("{FAE04EC0-301F-11D3-BF4B-00C04F79EFBC}") = "BussinessLogic", "BussinessLogic\BussinessLogic.csproj", "{C13192F8-4DA8-4D8A-89FF-A5F4595010C0}"
EndProject
Project("{FAE04EC0-301F-11D3-BF4B-00C04F79EFBC}") = "DataAccess", "DataAccess\DataAccess.csproj", "{F96AAA41-3016-437F-9DAD-8C2041C51B37}"
EndProject
Project("{FAE04EC0-301F-11D3-BF4B-00C04F79EFBC}") = "ContactManagementApi", "ContactManagementApi\ContactManagementApi.csproj", "{69CA9E40-DB0D-4375-BBA0-7D2F8E0E753F}"
EndProject
Global
	GlobalSection(SolutionConfigurationPlatforms) = preSolution
		Debug|Any CPU = Debug|Any CPU
		Release|Any CPU = Release|Any CPU
	EndGlobalSection
	GlobalSection(SolutionProperties) = preSolution
		HideSolutionNode = FALSE
	EndGlobalSection
	GlobalSection(ProjectConfigurationPlatforms) = postSolution
		{C13192F8-4DA8-4D8A-89FF-A5F4595010C0}.Debug|Any CPU.ActiveCfg = Debug|Any CPU
		{C13192F8-4DA8-4D8A-89FF-A5F4595010C0}.Debug|Any CPU.Build.0 = Debug|Any CPU
		{C13192F8-4DA8-4D8A-89FF-A5F4595010C0}.Release|Any CPU.ActiveCfg = Release|Any CPU
		{C13192F8-4DA8-4D8A-89FF-A5F4595010C0}.Release|Any CPU.Build.0 = Release|Any CPU
		{F96AAA41-3016-437F-9DAD-8C2041C51B37}.Debug|Any CPU.ActiveCfg = Debug|Any CPU
		{F96AAA41-3016-437F-9DAD-8C2041C51B37}.Debug|Any CPU.Build.0 = Debug|Any CPU
		{F96AAA41-3016-437F-9DAD-8C2041C51B37}.Release|Any CPU.ActiveCfg = Release|Any CPU
		{F96AAA41-3016-437F-9DAD-8C2041C51B37}.Release|Any CPU.Build.0 = Release|Any CPU
		{69CA9E40-DB0D-4375-BBA0-7D2F8E0E753F}.Debug|Any CPU.ActiveCfg = Debug|Any CPU
		{69CA9E40-DB0D-4375-BBA0-7D2F8E0E753F}.Debug|Any CPU.Build.0 = Debug|Any CPU
		{69CA9E40-DB0D-4375-BBA0-7D2F8E0E753F}.Release|Any CPU.ActiveCfg = Release|Any CPU
		{69CA9E40-DB0D-4375-BBA0-7D2F8E0E753F}.Release|Any CPU.Build.0 = Release|Any CPU
	EndGlobalSection
EndGlobal
